styles:
    block:
        shaders:
            defines:
                ADD: '+'
                SUBTRACT: '-'
                MULTIPLY: '*'

                PI: 3.1415926535897932384626433832795
                TWO_PI: 6.2831853071795864769252867665590
                HALF_PI: 1.5707963267948966192313216916398
                QUATER_PI: .785398163

                EPSILON: 0.0000001

                deg2rad(d): (((d)*3.1415926535897932384626433832795)/180.0)
                rad2deg(d): (((d)*180.0)/3.1415926535897932384626433832795)